// !$*UTF8*$!
{
	archiveVersion = 1;
	classes = {
	};
	objectVersion = 56;
	objects = {

/* Begin PBXBuildFile section */
		320B78052A302DAB00F37A46 /* Extensions.swift in Sources */ = {isa = PBXBuildFile; fileRef = 320B78042A302DAB00F37A46 /* Extensions.swift */; };
		320B78082A30319F00F37A46 /* LoadingView.swift in Sources */ = {isa = PBXBuildFile; fileRef = 320B78072A30319F00F37A46 /* LoadingView.swift */; };
		320B780C2A303E7C00F37A46 /* ArticleViewModel.swift in Sources */ = {isa = PBXBuildFile; fileRef = 320B780B2A303E7C00F37A46 /* ArticleViewModel.swift */; };
		326188D42A2CC53400493508 /* NewsFinderApp.swift in Sources */ = {isa = PBXBuildFile; fileRef = 326188D32A2CC53400493508 /* NewsFinderApp.swift */; };
		326188D62A2CC53400493508 /* MainView.swift in Sources */ = {isa = PBXBuildFile; fileRef = 326188D52A2CC53400493508 /* MainView.swift */; };
		326188D82A2CC53500493508 /* Assets.xcassets in Resources */ = {isa = PBXBuildFile; fileRef = 326188D72A2CC53500493508 /* Assets.xcassets */; };
		326188DB2A2CC53500493508 /* Preview Assets.xcassets in Resources */ = {isa = PBXBuildFile; fileRef = 326188DA2A2CC53500493508 /* Preview Assets.xcassets */; };
		3266F0C52A2CE7120083B28B /* Response.swift in Sources */ = {isa = PBXBuildFile; fileRef = 3266F0C42A2CE7120083B28B /* Response.swift */; };
		32B2B8BB2A2D47B400796372 /* ImageViewModel.swift in Sources */ = {isa = PBXBuildFile; fileRef = 32B2B8BA2A2D47B400796372 /* ImageViewModel.swift */; };
		32B2B8BD2A2D4A6500796372 /* RemoteImage.swift in Sources */ = {isa = PBXBuildFile; fileRef = 32B2B8BC2A2D4A6500796372 /* RemoteImage.swift */; };
		32B2B8D92A2EBB5000796372 /* ArticleView.swift in Sources */ = {isa = PBXBuildFile; fileRef = 32B2B8D82A2EBB5000796372 /* ArticleView.swift */; };
		32CFAC242A2CF2AD00462CE2 /* ArticleLoader.swift in Sources */ = {isa = PBXBuildFile; fileRef = 32CFAC232A2CF2AD00462CE2 /* ArticleLoader.swift */; };
		B73265BAC95DE59BC2383393 /* Pods_NewsFinder.framework in Frameworks */ = {isa = PBXBuildFile; fileRef = 55E8E0D09EF30DF990A16599 /* Pods_NewsFinder.framework */; };
/* End PBXBuildFile section */

/* Begin PBXFileReference section */
		01E111692C691F63692116A7 /* Pods-NewsFinder.debug.xcconfig */ = {isa = PBXFileReference; includeInIndex = 1; lastKnownFileType = text.xcconfig; name = "Pods-NewsFinder.debug.xcconfig"; path = "Target Support Files/Pods-NewsFinder/Pods-NewsFinder.debug.xcconfig"; sourceTree = "<group>"; };
		320B78032A3028BB00F37A46 /* Info.plist */ = {isa = PBXFileReference; lastKnownFileType = text.plist; path = Info.plist; sourceTree = "<group>"; };
		320B78042A302DAB00F37A46 /* Extensions.swift */ = {isa = PBXFileReference; lastKnownFileType = sourcecode.swift; path = Extensions.swift; sourceTree = "<group>"; };
		320B78072A30319F00F37A46 /* LoadingView.swift */ = {isa = PBXFileReference; lastKnownFileType = sourcecode.swift; path = LoadingView.swift; sourceTree = "<group>"; };
		320B780B2A303E7C00F37A46 /* ArticleViewModel.swift */ = {isa = PBXFileReference; lastKnownFileType = sourcecode.swift; path = ArticleViewModel.swift; sourceTree = "<group>"; };
		326188D02A2CC53400493508 /* NewsFinder.app */ = {isa = PBXFileReference; explicitFileType = wrapper.application; includeInIndex = 0; path = NewsFinder.app; sourceTree = BUILT_PRODUCTS_DIR; };
		326188D32A2CC53400493508 /* NewsFinderApp.swift */ = {isa = PBXFileReference; lastKnownFileType = sourcecode.swift; path = NewsFinderApp.swift; sourceTree = "<group>"; };
		326188D52A2CC53400493508 /* MainView.swift */ = {isa = PBXFileReference; lastKnownFileType = sourcecode.swift; path = MainView.swift; sourceTree = "<group>"; };
		326188D72A2CC53500493508 /* Assets.xcassets */ = {isa = PBXFileReference; lastKnownFileType = folder.assetcatalog; path = Assets.xcassets; sourceTree = "<group>"; };
		326188DA2A2CC53500493508 /* Preview Assets.xcassets */ = {isa = PBXFileReference; lastKnownFileType = folder.assetcatalog; path = "Preview Assets.xcassets"; sourceTree = "<group>"; };
		3266F0C42A2CE7120083B28B /* Response.swift */ = {isa = PBXFileReference; lastKnownFileType = sourcecode.swift; path = Response.swift; sourceTree = "<group>"; };
		32B2B8BA2A2D47B400796372 /* ImageViewModel.swift */ = {isa = PBXFileReference; lastKnownFileType = sourcecode.swift; path = ImageViewModel.swift; sourceTree = "<group>"; };
		32B2B8BC2A2D4A6500796372 /* RemoteImage.swift */ = {isa = PBXFileReference; lastKnownFileType = sourcecode.swift; path = RemoteImage.swift; sourceTree = "<group>"; };
		32B2B8D82A2EBB5000796372 /* ArticleView.swift */ = {isa = PBXFileReference; lastKnownFileType = sourcecode.swift; path = ArticleView.swift; sourceTree = "<group>"; };
		32CFAC232A2CF2AD00462CE2 /* ArticleLoader.swift */ = {isa = PBXFileReference; lastKnownFileType = sourcecode.swift; path = ArticleLoader.swift; sourceTree = "<group>"; };
		55E8E0D09EF30DF990A16599 /* Pods_NewsFinder.framework */ = {isa = PBXFileReference; explicitFileType = wrapper.framework; includeInIndex = 0; path = Pods_NewsFinder.framework; sourceTree = BUILT_PRODUCTS_DIR; };
		AA0B2B23ECF0221C2595BD03 /* Pods-NewsFinder.release.xcconfig */ = {isa = PBXFileReference; includeInIndex = 1; lastKnownFileType = text.xcconfig; name = "Pods-NewsFinder.release.xcconfig"; path = "Target Support Files/Pods-NewsFinder/Pods-NewsFinder.release.xcconfig"; sourceTree = "<group>"; };
/* End PBXFileReference section */

/* Begin PBXFrameworksBuildPhase section */
		326188CD2A2CC53400493508 /* Frameworks */ = {
			isa = PBXFrameworksBuildPhase;
			buildActionMask = 2147483647;
			files = (
				B73265BAC95DE59BC2383393 /* Pods_NewsFinder.framework in Frameworks */,
			);
			runOnlyForDeploymentPostprocessing = 0;
		};
/* End PBXFrameworksBuildPhase section */

/* Begin PBXGroup section */
		320B78062A302ECF00F37A46 /* Extensions */ = {
			isa = PBXGroup;
			children = (
				320B78042A302DAB00F37A46 /* Extensions.swift */,
			);
			path = Extensions;
			sourceTree = "<group>";
		};
		326188C72A2CC53400493508 = {
			isa = PBXGroup;
			children = (
				326188D22A2CC53400493508 /* NewsFinder */,
				326188D12A2CC53400493508 /* Products */,
				5AB48CEA7220CC494B24FD55 /* Pods */,
				EB26858CD0236A2918B9B979 /* Frameworks */,
			);
			sourceTree = "<group>";
		};
		326188D12A2CC53400493508 /* Products */ = {
			isa = PBXGroup;
			children = (
				326188D02A2CC53400493508 /* NewsFinder.app */,
			);
			name = Products;
			sourceTree = "<group>";
		};
		326188D22A2CC53400493508 /* NewsFinder */ = {
			isa = PBXGroup;
			children = (
				320B78032A3028BB00F37A46 /* Info.plist */,
				326188D32A2CC53400493508 /* NewsFinderApp.swift */,
				3266F0C22A2CD5210083B28B /* Models */,
				3266F0C12A2CD5150083B28B /* Views */,
				3266F0C32A2CD5280083B28B /* ViewModels */,
				326188D72A2CC53500493508 /* Assets.xcassets */,
				320B78062A302ECF00F37A46 /* Extensions */,
				326188D92A2CC53500493508 /* Preview Content */,
			);
			path = NewsFinder;
			sourceTree = "<group>";
		};
		326188D92A2CC53500493508 /* Preview Content */ = {
			isa = PBXGroup;
			children = (
				326188DA2A2CC53500493508 /* Preview Assets.xcassets */,
			);
			path = "Preview Content";
			sourceTree = "<group>";
		};
		3266F0C12A2CD5150083B28B /* Views */ = {
			isa = PBXGroup;
			children = (
				326188D52A2CC53400493508 /* MainView.swift */,
				32B2B8BC2A2D4A6500796372 /* RemoteImage.swift */,
				32B2B8D82A2EBB5000796372 /* ArticleView.swift */,
				320B78072A30319F00F37A46 /* LoadingView.swift */,
			);
			path = Views;
			sourceTree = "<group>";
		};
		3266F0C22A2CD5210083B28B /* Models */ = {
			isa = PBXGroup;
			children = (
				3266F0C42A2CE7120083B28B /* Response.swift */,
				32CFAC232A2CF2AD00462CE2 /* ArticleLoader.swift */,
			);
			path = Models;
			sourceTree = "<group>";
		};
		3266F0C32A2CD5280083B28B /* ViewModels */ = {
			isa = PBXGroup;
			children = (
				320B780B2A303E7C00F37A46 /* ArticleViewModel.swift */,
				32B2B8BA2A2D47B400796372 /* ImageViewModel.swift */,
			);
			path = ViewModels;
			sourceTree = "<group>";
		};
		5AB48CEA7220CC494B24FD55 /* Pods */ = {
			isa = PBXGroup;
			children = (
				01E111692C691F63692116A7 /* Pods-NewsFinder.debug.xcconfig */,
				AA0B2B23ECF0221C2595BD03 /* Pods-NewsFinder.release.xcconfig */,
			);
			path = Pods;
			sourceTree = "<group>";
		};
		EB26858CD0236A2918B9B979 /* Frameworks */ = {
			isa = PBXGroup;
			children = (
				55E8E0D09EF30DF990A16599 /* Pods_NewsFinder.framework */,
			);
			name = Frameworks;
			sourceTree = "<group>";
		};
/* End PBXGroup section */

/* Begin PBXNativeTarget section */
		326188CF2A2CC53400493508 /* NewsFinder */ = {
			isa = PBXNativeTarget;
			buildConfigurationList = 326188DE2A2CC53500493508 /* Build configuration list for PBXNativeTarget "NewsFinder" */;
			buildPhases = (
				BDBB5C985C6DEBE99EF3A62D /* [CP] Check Pods Manifest.lock */,
				326188CC2A2CC53400493508 /* Sources */,
				326188CD2A2CC53400493508 /* Frameworks */,
				326188CE2A2CC53400493508 /* Resources */,
				DFAB288D135BF1AAC464D083 /* [CP] Embed Pods Frameworks */,
			);
			buildRules = (
			);
			dependencies = (
			);
			name = NewsFinder;
			productName = NewsFinder;
			productReference = 326188D02A2CC53400493508 /* NewsFinder.app */;
			productType = "com.apple.product-type.application";
		};
/* End PBXNativeTarget section */

/* Begin PBXProject section */
		326188C82A2CC53400493508 /* Project object */ = {
			isa = PBXProject;
			attributes = {
				BuildIndependentTargetsInParallel = 1;
				LastSwiftUpdateCheck = 1410;
				LastUpgradeCheck = 1410;
				TargetAttributes = {
					326188CF2A2CC53400493508 = {
						CreatedOnToolsVersion = 14.1;
					};
				};
			};
			buildConfigurationList = 326188CB2A2CC53400493508 /* Build configuration list for PBXProject "NewsFinder" */;
			compatibilityVersion = "Xcode 14.0";
			developmentRegion = en;
			hasScannedForEncodings = 0;
			knownRegions = (
				en,
				Base,
			);
			mainGroup = 326188C72A2CC53400493508;
			productRefGroup = 326188D12A2CC53400493508 /* Products */;
			projectDirPath = "";
			projectRoot = "";
			targets = (
				326188CF2A2CC53400493508 /* NewsFinder */,
			);
		};
/* End PBXProject section */

/* Begin PBXResourcesBuildPhase section */
		326188CE2A2CC53400493508 /* Resources */ = {
			isa = PBXResourcesBuildPhase;
			buildActionMask = 2147483647;
			files = (
				326188DB2A2CC53500493508 /* Preview Assets.xcassets in Resources */,
				326188D82A2CC53500493508 /* Assets.xcassets in Resources */,
			);
			runOnlyForDeploymentPostprocessing = 0;
		};
/* End PBXResourcesBuildPhase section */

/* Begin PBXShellScriptBuildPhase section */
		BDBB5C985C6DEBE99EF3A62D /* [CP] Check Pods Manifest.lock */ = {
			isa = PBXShellScriptBuildPhase;
			buildActionMask = 2147483647;
			files = (
			);
			inputFileListPaths = (
			);
			inputPaths = (
				"${PODS_PODFILE_DIR_PATH}/Podfile.lock",
				"${PODS_ROOT}/Manifest.lock",
			);
			name = "[CP] Check Pods Manifest.lock";
			outputFileListPaths = (
			);
			outputPaths = (
				"$(DERIVED_FILE_DIR)/Pods-NewsFinder-checkManifestLockResult.txt",
			);
			runOnlyForDeploymentPostprocessing = 0;
			shellPath = /bin/sh;
			shellScript = "diff \"${PODS_PODFILE_DIR_PATH}/Podfile.lock\" \"${PODS_ROOT}/Manifest.lock\" > /dev/null\nif [ $? != 0 ] ; then\n    # print error to STDERR\n    echo \"error: The sandbox is not in sync with the Podfile.lock. Run 'pod install' or update your CocoaPods installation.\" >&2\n    exit 1\nfi\n# This output is used by Xcode 'outputs' to avoid re-running this script phase.\necho \"SUCCESS\" > \"${SCRIPT_OUTPUT_FILE_0}\"\n";
			showEnvVarsInLog = 0;
		};
		DFAB288D135BF1AAC464D083 /* [CP] Embed Pods Frameworks */ = {
			isa = PBXShellScriptBuildPhase;
			buildActionMask = 2147483647;
			files = (
			);
			inputFileListPaths = (
				"${PODS_ROOT}/Target Support Files/Pods-NewsFinder/Pods-NewsFinder-frameworks-${CONFIGURATION}-input-files.xcfilelist",
			);
			name = "[CP] Embed Pods Frameworks";
			outputFileListPaths = (
				"${PODS_ROOT}/Target Support Files/Pods-NewsFinder/Pods-NewsFinder-frameworks-${CONFIGURATION}-output-files.xcfilelist",
			);
			runOnlyForDeploymentPostprocessing = 0;
			shellPath = /bin/sh;
			shellScript = "\"${PODS_ROOT}/Target Support Files/Pods-NewsFinder/Pods-NewsFinder-frameworks.sh\"\n";
			showEnvVarsInLog = 0;
		};
/* End PBXShellScriptBuildPhase section */

/* Begin PBXSourcesBuildPhase section */
		326188CC2A2CC53400493508 /* Sources */ = {
			isa = PBXSourcesBuildPhase;
			buildActionMask = 2147483647;
			files = (
				326188D62A2CC53400493508 /* MainView.swift in Sources */,
				3266F0C52A2CE7120083B28B /* Response.swift in Sources */,
				32B2B8BB2A2D47B400796372 /* ImageViewModel.swift in Sources */,
				32B2B8BD2A2D4A6500796372 /* RemoteImage.swift in Sources */,
				32CFAC242A2CF2AD00462CE2 /* ArticleLoader.swift in Sources */,
				320B78052A302DAB00F37A46 /* Extensions.swift in Sources */,
				32B2B8D92A2EBB5000796372 /* ArticleView.swift in Sources */,
				320B780C2A303E7C00F37A46 /* ArticleViewModel.swift in Sources */,
				326188D42A2CC53400493508 /* NewsFinderApp.swift in Sources */,
				320B78082A30319F00F37A46 /* LoadingView.swift in Sources */,
			);
			runOnlyForDeploymentPostprocessing = 0;
		};
/* End PBXSourcesBuildPhase section */

/* Begin XCBuildConfiguration section */
		326188DC2A2CC53500493508 /* Debug */ = {
			isa = XCBuildConfiguration;
			buildSettings = {
				ALWAYS_SEARCH_USER_PATHS = NO;
				CLANG_ANALYZER_NONNULL = YES;
				CLANG_ANALYZER_NUMBER_OBJECT_CONVERSION = YES_AGGRESSIVE;
				CLANG_CXX_LANGUAGE_STANDARD = "gnu++20";
				CLANG_ENABLE_MODULES = YES;
				CLANG_ENABLE_OBJC_ARC = YES;
				CLANG_ENABLE_OBJC_WEAK = YES;
				CLANG_WARN_BLOCK_CAPTURE_AUTORELEASING = YES;
				CLANG_WARN_BOOL_CONVERSION = YES;
				CLANG_WARN_COMMA = YES;
				CLANG_WARN_CONSTANT_CONVERSION = YES;
				CLANG_WARN_DEPRECATED_OBJC_IMPLEMENTATIONS = YES;
				CLANG_WARN_DIRECT_OBJC_ISA_USAGE = YES_ERROR;
				CLANG_WARN_DOCUMENTATION_COMMENTS = YES;
				CLANG_WARN_EMPTY_BODY = YES;
				CLANG_WARN_ENUM_CONVERSION = YES;
				CLANG_WARN_INFINITE_RECURSION = YES;
				CLANG_WARN_INT_CONVERSION = YES;
				CLANG_WARN_NON_LITERAL_NULL_CONVERSION = YES;
				CLANG_WARN_OBJC_IMPLICIT_RETAIN_SELF = YES;
				CLANG_WARN_OBJC_LITERAL_CONVERSION = YES;
				CLANG_WARN_OBJC_ROOT_CLASS = YES_ERROR;
				CLANG_WARN_QUOTED_INCLUDE_IN_FRAMEWORK_HEADER = YES;
				CLANG_WARN_RANGE_LOOP_ANALYSIS = YES;
				CLANG_WARN_STRICT_PROTOTYPES = YES;
				CLANG_WARN_SUSPICIOUS_MOVE = YES;
				CLANG_WARN_UNGUARDED_AVAILABILITY = YES_AGGRESSIVE;
				CLANG_WARN_UNREACHABLE_CODE = YES;
				CLANG_WARN__DUPLICATE_METHOD_MATCH = YES;
				COPY_PHASE_STRIP = NO;
				DEBUG_INFORMATION_FORMAT = dwarf;
				ENABLE_STRICT_OBJC_MSGSEND = YES;
				ENABLE_TESTABILITY = YES;
				GCC_C_LANGUAGE_STANDARD = gnu11;
				GCC_DYNAMIC_NO_PIC = NO;
				GCC_NO_COMMON_BLOCKS = YES;
				GCC_OPTIMIZATION_LEVEL = 0;
				GCC_PREPROCESSOR_DEFINITIONS = (
					"DEBUG=1",
					"$(inherited)",
				);
				GCC_WARN_64_TO_32_BIT_CONVERSION = YES;
				GCC_WARN_ABOUT_RETURN_TYPE = YES_ERROR;
				GCC_WARN_UNDECLARED_SELECTOR = YES;
				GCC_WARN_UNINITIALIZED_AUTOS = YES_AGGRESSIVE;
				GCC_WARN_UNUSED_FUNCTION = YES;
				GCC_WARN_UNUSED_VARIABLE = YES;
				IPHONEOS_DEPLOYMENT_TARGET = 16.1;
				MTL_ENABLE_DEBUG_INFO = INCLUDE_SOURCE;
				MTL_FAST_MATH = YES;
				ONLY_ACTIVE_ARCH = YES;
				SDKROOT = iphoneos;
				SWIFT_ACTIVE_COMPILATION_CONDITIONS = DEBUG;
				SWIFT_OPTIMIZATION_LEVEL = "-Onone";
			};
			name = Debug;
		};
		326188DD2A2CC53500493508 /* Release */ = {
			isa = XCBuildConfiguration;
			buildSettings = {
				ALWAYS_SEARCH_USER_PATHS = NO;
				CLANG_ANALYZER_NONNULL = YES;
				CLANG_ANALYZER_NUMBER_OBJECT_CONVERSION = YES_AGGRESSIVE;
				CLANG_CXX_LANGUAGE_STANDARD = "gnu++20";
				CLANG_ENABLE_MODULES = YES;
				CLANG_ENABLE_OBJC_ARC = YES;
				CLANG_ENABLE_OBJC_WEAK = YES;
				CLANG_WARN_BLOCK_CAPTURE_AUTORELEASING = YES;
				CLANG_WARN_BOOL_CONVERSION = YES;
				CLANG_WARN_COMMA = YES;
				CLANG_WARN_CONSTANT_CONVERSION = YES;
				CLANG_WARN_DEPRECATED_OBJC_IMPLEMENTATIONS = YES;
				CLANG_WARN_DIRECT_OBJC_ISA_USAGE = YES_ERROR;
				CLANG_WARN_DOCUMENTATION_COMMENTS = YES;
				CLANG_WARN_EMPTY_BODY = YES;
				CLANG_WARN_ENUM_CONVERSION = YES;
				CLANG_WARN_INFINITE_RECURSION = YES;
				CLANG_WARN_INT_CONVERSION = YES;
				CLANG_WARN_NON_LITERAL_NULL_CONVERSION = YES;
				CLANG_WARN_OBJC_IMPLICIT_RETAIN_SELF = YES;
				CLANG_WARN_OBJC_LITERAL_CONVERSION = YES;
				CLANG_WARN_OBJC_ROOT_CLASS = YES_ERROR;
				CLANG_WARN_QUOTED_INCLUDE_IN_FRAMEWORK_HEADER = YES;
				CLANG_WARN_RANGE_LOOP_ANALYSIS = YES;
				CLANG_WARN_STRICT_PROTOTYPES = YES;
				CLANG_WARN_SUSPICIOUS_MOVE = YES;
				CLANG_WARN_UNGUARDED_AVAILABILITY = YES_AGGRESSIVE;
				CLANG_WARN_UNREACHABLE_CODE = YES;
				CLANG_WARN__DUPLICATE_METHOD_MATCH = YES;
				COPY_PHASE_STRIP = NO;
				DEBUG_INFORMATION_FORMAT = "dwarf-with-dsym";
				ENABLE_NS_ASSERTIONS = NO;
				ENABLE_STRICT_OBJC_MSGSEND = YES;
				GCC_C_LANGUAGE_STANDARD = gnu11;
				GCC_NO_COMMON_BLOCKS = YES;
				GCC_WARN_64_TO_32_BIT_CONVERSION = YES;
				GCC_WARN_ABOUT_RETURN_TYPE = YES_ERROR;
				GCC_WARN_UNDECLARED_SELECTOR = YES;
				GCC_WARN_UNINITIALIZED_AUTOS = YES_AGGRESSIVE;
				GCC_WARN_UNUSED_FUNCTION = YES;
				GCC_WARN_UNUSED_VARIABLE = YES;
				IPHONEOS_DEPLOYMENT_TARGET = 16.1;
				MTL_ENABLE_DEBUG_INFO = NO;
				MTL_FAST_MATH = YES;
				SDKROOT = iphoneos;
				SWIFT_COMPILATION_MODE = wholemodule;
				SWIFT_OPTIMIZATION_LEVEL = "-O";
				VALIDATE_PRODUCT = YES;
			};
			name = Release;
		};
		326188DF2A2CC53500493508 /* Debug */ = {
			isa = XCBuildConfiguration;
			baseConfigurationReference = 01E111692C691F63692116A7 /* Pods-NewsFinder.debug.xcconfig */;
			buildSettings = {
				ASSETCATALOG_COMPILER_APPICON_NAME = AppIcon;
				ASSETCATALOG_COMPILER_GLOBAL_ACCENT_COLOR_NAME = AccentColor;
				CODE_SIGN_STYLE = Automatic;
				CURRENT_PROJECT_VERSION = 1;
				DEVELOPMENT_ASSET_PATHS = "\"NewsFinder/Preview Content\"";
				DEVELOPMENT_TEAM = V92LW66S55;
				ENABLE_PREVIEWS = YES;
				GENERATE_INFOPLIST_FILE = YES;
				INFOPLIST_FILE = NewsFinder/Info.plist;
				INFOPLIST_KEY_UIApplicationSupportsIndirectInputEvents = YES;
				INFOPLIST_KEY_UILaunchScreen_Generation = YES;
				INFOPLIST_KEY_UISupportedInterfaceOrientations_iPad = "UIInterfaceOrientationPortrait UIInterfaceOrientationPortraitUpsideDown UIInterfaceOrientationLandscapeLeft UIInterfaceOrientationLandscapeRight";
				INFOPLIST_KEY_UISupportedInterfaceOrientations_iPhone = "UIInterfaceOrientationPortrait UIInterfaceOrientationLandscapeLeft UIInterfaceOrientationLandscapeRight";
				IPHONEOS_DEPLOYMENT_TARGET = 13.0;
				LD_RUNPATH_SEARCH_PATHS = (
					"$(inherited)",
					"@executable_path/Frameworks",
				);
				MARKETING_VERSION = 1.0;
				PRODUCT_BUNDLE_IDENTIFIER = "com.a.sh.tahan-gmail.PrayerTimes.NewsFinder";
				PRODUCT_NAME = "$(TARGET_NAME)";
				SWIFT_EMIT_LOC_STRINGS = YES;
				SWIFT_VERSION = 5.0;
				TARGETED_DEVICE_FAMILY = "1,2";
			};
			name = Debug;
		};
		326188E02A2CC53500493508 /* Release */ = {
			isa = XCBuildConfiguration;
			baseConfigurationReference = AA0B2B23ECF0221C2595BD03 /* Pods-NewsFinder.release.xcconfig */;
			buildSettings = {
				ASSETCATALOG_COMPILER_APPICON_NAME = AppIcon;
				ASSETCATALOG_COMPILER_GLOBAL_ACCENT_COLOR_NAME = AccentColor;
				CODE_SIGN_STYLE = Automatic;
				CURRENT_PROJECT_VERSION = 1;
				DEVELOPMENT_ASSET_PATHS = "\"NewsFinder/Preview Content\"";
				DEVELOPMENT_TEAM = V92LW66S55;
				ENABLE_PREVIEWS = YES;
				GENERATE_INFOPLIST_FILE = YES;
				INFOPLIST_FILE = NewsFinder/Info.plist;
				INFOPLIST_KEY_UIApplicationSupportsIndirectInputEvents = YES;
				INFOPLIST_KEY_UILaunchScreen_Generation = YES;
				INFOPLIST_KEY_UISupportedInterfaceOrientations_iPad = "UIInterfaceOrientationPortrait UIInterfaceOrientationPortraitUpsideDown UIInterfaceOrientationLandscapeLeft UIInterfaceOrientationLandscapeRight";
				INFOPLIST_KEY_UISupportedInterfaceOrientations_iPhone = "UIInterfaceOrientationPortrait UIInterfaceOrientationLandscapeLeft UIInterfaceOrientationLandscapeRight";
				IPHONEOS_DEPLOYMENT_TARGET = 13.0;
				LD_RUNPATH_SEARCH_PATHS = (
					"$(inherited)",
					"@executable_path/Frameworks",
				);
				MARKETING_VERSION = 1.0;
				PRODUCT_BUNDLE_IDENTIFIER = "com.a.sh.tahan-gmail.PrayerTimes.NewsFinder";
				PRODUCT_NAME = "$(TARGET_NAME)";
				SWIFT_EMIT_LOC_STRINGS = YES;
				SWIFT_VERSION = 5.0;
				TARGETED_DEVICE_FAMILY = "1,2";
			};
			name = Release;
		};
/* End XCBuildConfiguration section */

/* Begin XCConfigurationList section */
		326188CB2A2CC53400493508 /* Build configuration list for PBXProject "NewsFinder" */ = {
			isa = XCConfigurationList;
			buildConfigurations = (
				326188DC2A2CC53500493508 /* Debug */,
				326188DD2A2CC53500493508 /* Release */,
			);
			defaultConfigurationIsVisible = 0;
			defaultConfigurationName = Release;
		};
		326188DE2A2CC53500493508 /* Build configuration list for PBXNativeTarget "NewsFinder" */ = {
			isa = XCConfigurationList;
			buildConfigurations = (
				326188DF2A2CC53500493508 /* Debug */,
				326188E02A2CC53500493508 /* Release */,
			);
			defaultConfigurationIsVisible = 0;
			defaultConfigurationName = Release;
		};
/* End XCConfigurationList section */
	};
	rootObject = 326188C82A2CC53400493508 /* Project object */;
}
